
Microsoft Visual Studio Solution File, Format Version 12.00
# Visual Studio Version 17
VisualStudioVersion = 17.5.33516.290
MinimumVisualStudioVersion = 10.0.40219.1
Project("{9A19103F-16F7-4668-BE54-9A1E7A4F7556}") = "Repositories", "Repositories\Repositories.csproj", "{A2F6F234-FF53-4736-B771-4BF61D5B5530}"
EndProject
Project("{9A19103F-16F7-4668-BE54-9A1E7A4F7556}") = "Entities", "Entities\Entities.csproj", "{170D063A-D24A-4BCF-B8C1-1A45E68C2E32}"
EndProject
Project("{9A19103F-16F7-4668-BE54-9A1E7A4F7556}") = "Presantation", "Presantation\Presantation.csproj", "{C10D095B-2F42-4D44-8FD7-47C8853B281C}"
EndProject
Project("{9A19103F-16F7-4668-BE54-9A1E7A4F7556}") = "Services", "Services\Services.csproj", "{2A9B8839-91EE-4289-8DA5-EE1E813B6826}"
EndProject
Project("{9A19103F-16F7-4668-BE54-9A1E7A4F7556}") = "Temsa_Web", "Temsa_Web\Temsa_Web.csproj", "{2BE30F66-8314-4A1D-BA34-20B306D4F43E}"
EndProject
Project("{FAE04EC0-301F-11D3-BF4B-00C04F79EFBC}") = "Temsa_API_", "Temsa_API_\Temsa_API_.csproj", "{D3049E9D-97E4-40B4-97FB-8A7183780263}"
EndProject
Global
	GlobalSection(SolutionConfigurationPlatforms) = preSolution
		Debug|Any CPU = Debug|Any CPU
		Release|Any CPU = Release|Any CPU
	EndGlobalSection
	GlobalSection(ProjectConfigurationPlatforms) = postSolution
		{A2F6F234-FF53-4736-B771-4BF61D5B5530}.Debug|Any CPU.ActiveCfg = Debug|Any CPU
		{A2F6F234-FF53-4736-B771-4BF61D5B5530}.Debug|Any CPU.Build.0 = Debug|Any CPU
		{A2F6F234-FF53-4736-B771-4BF61D5B5530}.Release|Any CPU.ActiveCfg = Release|Any CPU
		{A2F6F234-FF53-4736-B771-4BF61D5B5530}.Release|Any CPU.Build.0 = Release|Any CPU
		{170D063A-D24A-4BCF-B8C1-1A45E68C2E32}.Debug|Any CPU.ActiveCfg = Debug|Any CPU
		{170D063A-D24A-4BCF-B8C1-1A45E68C2E32}.Debug|Any CPU.Build.0 = Debug|Any CPU
		{170D063A-D24A-4BCF-B8C1-1A45E68C2E32}.Release|Any CPU.ActiveCfg = Release|Any CPU
		{170D063A-D24A-4BCF-B8C1-1A45E68C2E32}.Release|Any CPU.Build.0 = Release|Any CPU
		{C10D095B-2F42-4D44-8FD7-47C8853B281C}.Debug|Any CPU.ActiveCfg = Debug|Any CPU
		{C10D095B-2F42-4D44-8FD7-47C8853B281C}.Debug|Any CPU.Build.0 = Debug|Any CPU
		{C10D095B-2F42-4D44-8FD7-47C8853B281C}.Release|Any CPU.ActiveCfg = Release|Any CPU
		{C10D095B-2F42-4D44-8FD7-47C8853B281C}.Release|Any CPU.Build.0 = Release|Any CPU
		{2A9B8839-91EE-4289-8DA5-EE1E813B6826}.Debug|Any CPU.ActiveCfg = Debug|Any CPU
		{2A9B8839-91EE-4289-8DA5-EE1E813B6826}.Debug|Any CPU.Build.0 = Debug|Any CPU
		{2A9B8839-91EE-4289-8DA5-EE1E813B6826}.Release|Any CPU.ActiveCfg = Release|Any CPU
		{2A9B8839-91EE-4289-8DA5-EE1E813B6826}.Release|Any CPU.Build.0 = Release|Any CPU
		{2BE30F66-8314-4A1D-BA34-20B306D4F43E}.Debug|Any CPU.ActiveCfg = Debug|Any CPU
		{2BE30F66-8314-4A1D-BA34-20B306D4F43E}.Debug|Any CPU.Build.0 = Debug|Any CPU
		{2BE30F66-8314-4A1D-BA34-20B306D4F43E}.Release|Any CPU.ActiveCfg = Release|Any CPU
		{2BE30F66-8314-4A1D-BA34-20B306D4F43E}.Release|Any CPU.Build.0 = Release|Any CPU
		{D3049E9D-97E4-40B4-97FB-8A7183780263}.Debug|Any CPU.ActiveCfg = Debug|Any CPU
		{D3049E9D-97E4-40B4-97FB-8A7183780263}.Debug|Any CPU.Build.0 = Debug|Any CPU
		{D3049E9D-97E4-40B4-97FB-8A7183780263}.Release|Any CPU.ActiveCfg = Release|Any CPU
		{D3049E9D-97E4-40B4-97FB-8A7183780263}.Release|Any CPU.Build.0 = Release|Any CPU
	EndGlobalSection
	GlobalSection(SolutionProperties) = preSolution
		HideSolutionNode = FALSE
	EndGlobalSection
	GlobalSection(ExtensibilityGlobals) = postSolution
		SolutionGuid = {598F02B2-5077-4EBB-B0FE-3367ACE8F478}
	EndGlobalSection
EndGlobal
