
Microsoft Visual Studio Solution File, Format Version 12.00
# Visual Studio Version 17
VisualStudioVersion = 17.5.33516.290
MinimumVisualStudioVersion = 10.0.40219.1
Project("{FAE04EC0-301F-11D3-BF4B-00C04F79EFBC}") = "Temsa", "Temsa\Temsa.csproj", "{149A811D-29AF-483A-879A-C91CFDF9C4BB}"
EndProject
Project("{FAE04EC0-301F-11D3-BF4B-00C04F79EFBC}") = "Repositories", "Repositories\Repositories.csproj", "{A2F6F234-FF53-4736-B771-4BF61D5B5530}"
EndProject
Project("{FAE04EC0-301F-11D3-BF4B-00C04F79EFBC}") = "Presantation", "Presantation\Presantation.csproj", "{EE4A50F2-1FE3-401E-9104-0220002E52EC}"
EndProject
Project("{FAE04EC0-301F-11D3-BF4B-00C04F79EFBC}") = "Services", "Services\Services.csproj", "{7021B32C-4A85-47DE-972D-1AF64CEA4271}"
EndProject
Project("{FAE04EC0-301F-11D3-BF4B-00C04F79EFBC}") = "Entities", "Entities\Entities.csproj", "{170D063A-D24A-4BCF-B8C1-1A45E68C2E32}"
EndProject
Global
	GlobalSection(SolutionConfigurationPlatforms) = preSolution
		Debug|Any CPU = Debug|Any CPU
		Release|Any CPU = Release|Any CPU
	EndGlobalSection
	GlobalSection(ProjectConfigurationPlatforms) = postSolution
		{149A811D-29AF-483A-879A-C91CFDF9C4BB}.Debug|Any CPU.ActiveCfg = Debug|Any CPU
		{149A811D-29AF-483A-879A-C91CFDF9C4BB}.Debug|Any CPU.Build.0 = Debug|Any CPU
		{149A811D-29AF-483A-879A-C91CFDF9C4BB}.Release|Any CPU.ActiveCfg = Release|Any CPU
		{149A811D-29AF-483A-879A-C91CFDF9C4BB}.Release|Any CPU.Build.0 = Release|Any CPU
		{A2F6F234-FF53-4736-B771-4BF61D5B5530}.Debug|Any CPU.ActiveCfg = Debug|Any CPU
		{A2F6F234-FF53-4736-B771-4BF61D5B5530}.Debug|Any CPU.Build.0 = Debug|Any CPU
		{A2F6F234-FF53-4736-B771-4BF61D5B5530}.Release|Any CPU.ActiveCfg = Release|Any CPU
		{A2F6F234-FF53-4736-B771-4BF61D5B5530}.Release|Any CPU.Build.0 = Release|Any CPU
		{EE4A50F2-1FE3-401E-9104-0220002E52EC}.Debug|Any CPU.ActiveCfg = Debug|Any CPU
		{EE4A50F2-1FE3-401E-9104-0220002E52EC}.Debug|Any CPU.Build.0 = Debug|Any CPU
		{EE4A50F2-1FE3-401E-9104-0220002E52EC}.Release|Any CPU.ActiveCfg = Release|Any CPU
		{EE4A50F2-1FE3-401E-9104-0220002E52EC}.Release|Any CPU.Build.0 = Release|Any CPU
		{7021B32C-4A85-47DE-972D-1AF64CEA4271}.Debug|Any CPU.ActiveCfg = Debug|Any CPU
		{7021B32C-4A85-47DE-972D-1AF64CEA4271}.Debug|Any CPU.Build.0 = Debug|Any CPU
		{7021B32C-4A85-47DE-972D-1AF64CEA4271}.Release|Any CPU.ActiveCfg = Release|Any CPU
		{7021B32C-4A85-47DE-972D-1AF64CEA4271}.Release|Any CPU.Build.0 = Release|Any CPU
		{170D063A-D24A-4BCF-B8C1-1A45E68C2E32}.Debug|Any CPU.ActiveCfg = Debug|Any CPU
		{170D063A-D24A-4BCF-B8C1-1A45E68C2E32}.Debug|Any CPU.Build.0 = Debug|Any CPU
		{170D063A-D24A-4BCF-B8C1-1A45E68C2E32}.Release|Any CPU.ActiveCfg = Release|Any CPU
		{170D063A-D24A-4BCF-B8C1-1A45E68C2E32}.Release|Any CPU.Build.0 = Release|Any CPU
	EndGlobalSection
	GlobalSection(SolutionProperties) = preSolution
		HideSolutionNode = FALSE
	EndGlobalSection
	GlobalSection(ExtensibilityGlobals) = postSolution
		SolutionGuid = {598F02B2-5077-4EBB-B0FE-3367ACE8F478}
	EndGlobalSection
EndGlobal
